
Microsoft Visual Studio Solution File, Format Version 12.00
# Visual Studio Version 17
VisualStudioVersion = 17.0.31919.166
MinimumVisualStudioVersion = 10.0.40219.1
Project("{FAE04EC0-301F-11D3-BF4B-00C04F79EFBC}") = "ConsumableComponents", "ConsumableComponents\ConsumableComponents.csproj", "{81933E89-32D7-4EBC-8379-170E38C204CF}"
EndProject
Global
	GlobalSection(SolutionConfigurationPlatforms) = preSolution
		Debug|Any CPU = Debug|Any CPU
		Release|Any CPU = Release|Any CPU
	EndGlobalSection
	GlobalSection(ProjectConfigurationPlatforms) = postSolution
		{81933E89-32D7-4EBC-8379-170E38C204CF}.Debug|Any CPU.ActiveCfg = Debug|Any CPU
		{81933E89-32D7-4EBC-8379-170E38C204CF}.Debug|Any CPU.Build.0 = Debug|Any CPU
		{81933E89-32D7-4EBC-8379-170E38C204CF}.Release|Any CPU.ActiveCfg = Release|Any CPU
		{81933E89-32D7-4EBC-8379-170E38C204CF}.Release|Any CPU.Build.0 = Release|Any CPU
	EndGlobalSection
	GlobalSection(SolutionProperties) = preSolution
		HideSolutionNode = FALSE
	EndGlobalSection
	GlobalSection(ExtensibilityGlobals) = postSolution
		SolutionGuid = {988BB739-C427-4129-A4BF-1341B2FEBED0}
	EndGlobalSection
EndGlobal
